// !$*UTF8*$!
{
	archiveVersion = 1;
	classes = {
	};
	objectVersion = 50;
	objects = {

/* Begin PBXBuildFile section */
		AF1A5E0425254D6F0050DE4E /* DominionCompanion.swift in Sources */ = {isa = PBXBuildFile; fileRef = AF1A5E0325254D6F0050DE4E /* DominionCompanion.swift */; };
		AF1A5E102525500B0050DE4E /* TabContainer.swift in Sources */ = {isa = PBXBuildFile; fileRef = AF1A5E0F2525500B0050DE4E /* TabContainer.swift */; };
		AF1A5E15252550AE0050DE4E /* SettingsView.swift in Sources */ = {isa = PBXBuildFile; fileRef = AF1A5E14252550AE0050DE4E /* SettingsView.swift */; };
		AF1A5E1A252550EE0050DE4E /* SetBuilderView.swift in Sources */ = {isa = PBXBuildFile; fileRef = AF1A5E19252550EE0050DE4E /* SetBuilderView.swift */; };
		AF1A5E1F252551FE0050DE4E /* CardsView.swift in Sources */ = {isa = PBXBuildFile; fileRef = AF1A5E1E252551FE0050DE4E /* CardsView.swift */; };
		AF1A5E242525537A0050DE4E /* CardRow.swift in Sources */ = {isa = PBXBuildFile; fileRef = AF1A5E232525537A0050DE4E /* CardRow.swift */; };
		AF1A5E29252559700050DE4E /* CostView.swift in Sources */ = {isa = PBXBuildFile; fileRef = AF1A5E28252559700050DE4E /* CostView.swift */; };
		AF1A5E2E25255B320050DE4E /* DebtView.swift in Sources */ = {isa = PBXBuildFile; fileRef = AF1A5E2D25255B320050DE4E /* DebtView.swift */; };
		AF1A5E3425255F140050DE4E /* CardView.swift in Sources */ = {isa = PBXBuildFile; fileRef = AF1A5E3325255F140050DE4E /* CardView.swift */; };
		AF1A5E3C252581D60050DE4E /* SearchBar.swift in Sources */ = {isa = PBXBuildFile; fileRef = AF1A5E3B252581D60050DE4E /* SearchBar.swift */; };
		AF1A5E452525886D0050DE4E /* ListChoice.swift in Sources */ = {isa = PBXBuildFile; fileRef = AF1A5E442525886D0050DE4E /* ListChoice.swift */; };
		AF1A5E4D25259A5D0050DE4E /* SetBuilderModel.swift in Sources */ = {isa = PBXBuildFile; fileRef = AF1A5E4C25259A5D0050DE4E /* SetBuilderModel.swift */; };
		AF1A5E5A2528FF460050DE4E /* ExpansionSelection.swift in Sources */ = {isa = PBXBuildFile; fileRef = AF1A5E592528FF460050DE4E /* ExpansionSelection.swift */; };
		AF1A5E6025290FBE0050DE4E /* RulesView.swift in Sources */ = {isa = PBXBuildFile; fileRef = AF1A5E5F25290FBE0050DE4E /* RulesView.swift */; };
		AF1A5E682529101C0050DE4E /* RuleRow.swift in Sources */ = {isa = PBXBuildFile; fileRef = AF1A5E672529101C0050DE4E /* RuleRow.swift */; };
		AF1B6EAC2324226800ADA74D /* CardData.swift in Sources */ = {isa = PBXBuildFile; fileRef = AF1B6EAB2324226800ADA74D /* CardData.swift */; };
		AF1B6EAF232428ED00ADA74D /* Utilities.swift in Sources */ = {isa = PBXBuildFile; fileRef = AF1B6EAE232428ED00ADA74D /* Utilities.swift */; };
		AF1B6EB32324334F00ADA74D /* Rule.swift in Sources */ = {isa = PBXBuildFile; fileRef = AF1B6EB22324334F00ADA74D /* Rule.swift */; };
		AF1B6EBF23244FE000ADA74D /* FilterOperation.swift in Sources */ = {isa = PBXBuildFile; fileRef = AF1B6EBE23244FE000ADA74D /* FilterOperation.swift */; };
		AF1B6EC7232463FD00ADA74D /* CardProperty.swift in Sources */ = {isa = PBXBuildFile; fileRef = AF1B6EC6232463FD00ADA74D /* CardProperty.swift */; };
		AF1B6EC92324945D00ADA74D /* Icons.xcassets in Resources */ = {isa = PBXBuildFile; fileRef = AF1B6EC82324945D00ADA74D /* Icons.xcassets */; };
		AF4E49F8252916FE00410D10 /* RuleView.swift in Sources */ = {isa = PBXBuildFile; fileRef = AF4E49F7252916FE00410D10 /* RuleView.swift */; };
		AF4E49FD25291D3100410D10 /* ConditionRow.swift in Sources */ = {isa = PBXBuildFile; fileRef = AF4E49FC25291D3100410D10 /* ConditionRow.swift */; };
		AF5855F125C7517300D7A7AE /* PotionView.swift in Sources */ = {isa = PBXBuildFile; fileRef = AF5855F025C7517300D7A7AE /* PotionView.swift */; };
		AF60BC5E253CDEA100DC50DE /* GlobalExclusions.swift in Sources */ = {isa = PBXBuildFile; fileRef = AF60BC5D253CDEA100DC50DE /* GlobalExclusions.swift */; };
		AF60BC63253CE6BD00DC50DE /* GameplaySetup.swift in Sources */ = {isa = PBXBuildFile; fileRef = AF60BC62253CE6BD00DC50DE /* GameplaySetup.swift */; };
		AF60BC68253CED4900DC50DE /* NavigationCardRow.swift in Sources */ = {isa = PBXBuildFile; fileRef = AF60BC67253CED4900DC50DE /* NavigationCardRow.swift */; };
		AF60BC6D253D0CA200DC50DE /* SwipableRow.swift in Sources */ = {isa = PBXBuildFile; fileRef = AF60BC6C253D0CA200DC50DE /* SwipableRow.swift */; };
		AF6AA0A62381E6DB00AC3BEA /* Condition.swift in Sources */ = {isa = PBXBuildFile; fileRef = AF6AA0A42381E30A00AC3BEA /* Condition.swift */; };
		AF80D70A2364DA9800FDC4D6 /* Constants.swift in Sources */ = {isa = PBXBuildFile; fileRef = AF80D7092364DA9800FDC4D6 /* Constants.swift */; };
		AF80D70C2364DD7100FDC4D6 /* SetModel.swift in Sources */ = {isa = PBXBuildFile; fileRef = AF80D70B2364DD7100FDC4D6 /* SetModel.swift */; };
		AFA6638925858D5F00E641D8 /* SetsView.swift in Sources */ = {isa = PBXBuildFile; fileRef = AFA6638825858D5F00E641D8 /* SetsView.swift */; };
		AFB96A9A2443E6DA00F2046D /* Settings.swift in Sources */ = {isa = PBXBuildFile; fileRef = AFB96A992443E6DA00F2046D /* Settings.swift */; };
		AFBD15A825EAE51E0002275A /* RecommendedSetsTests.swift in Sources */ = {isa = PBXBuildFile; fileRef = AFBD15A725EAE51E0002275A /* RecommendedSetsTests.swift */; };
		AFBD15AC25EAE5710002275A /* CardTests.swift in Sources */ = {isa = PBXBuildFile; fileRef = AFBD15AB25EAE5710002275A /* CardTests.swift */; };
		AFBD15B025EAEAFE0002275A /* CardDataTests.swift in Sources */ = {isa = PBXBuildFile; fileRef = AFBD15AF25EAEAFE0002275A /* CardDataTests.swift */; };
		AFBD15B425EAEC880002275A /* CardPropertyTests.swift in Sources */ = {isa = PBXBuildFile; fileRef = AFBD15B325EAEC880002275A /* CardPropertyTests.swift */; };
		AFBD15BA25EAF02C0002275A /* RuleTypeTests.swift in Sources */ = {isa = PBXBuildFile; fileRef = AFBD15B925EAF02C0002275A /* RuleTypeTests.swift */; };
		AFBD15C325EB40580002275A /* ToastWrapper.swift in Sources */ = {isa = PBXBuildFile; fileRef = AFBD15C225EB40580002275A /* ToastWrapper.swift */; };
		AFBD15D025EC46B50002275A /* SetBuilderModelTests.swift in Sources */ = {isa = PBXBuildFile; fileRef = AFBD15CF25EC46B50002275A /* SetBuilderModelTests.swift */; };
		AFC1BA66246A24E400298F75 /* SavedSets.xcdatamodeld in Sources */ = {isa = PBXBuildFile; fileRef = AFC1BA64246A24E400298F75 /* SavedSets.xcdatamodeld */; };
		AFCA84162586A1C0008BBAE3 /* RecommendedSetsView.swift in Sources */ = {isa = PBXBuildFile; fileRef = AFCA84152586A1C0008BBAE3 /* RecommendedSetsView.swift */; };
		AFCA841B2586A279008BBAE3 /* SavedSetsView.swift in Sources */ = {isa = PBXBuildFile; fileRef = AFCA841A2586A279008BBAE3 /* SavedSetsView.swift */; };
		AFCA84202586A514008BBAE3 /* TextAlert.swift in Sources */ = {isa = PBXBuildFile; fileRef = AFCA841F2586A514008BBAE3 /* TextAlert.swift */; };
		AFCA842E2586BCF5008BBAE3 /* SavedRuleSet+CoreDataClass.swift in Sources */ = {isa = PBXBuildFile; fileRef = AFCA842C2586BCF5008BBAE3 /* SavedRuleSet+CoreDataClass.swift */; };
		AFCA842F2586BCF5008BBAE3 /* SavedRuleSet+CoreDataProperties.swift in Sources */ = {isa = PBXBuildFile; fileRef = AFCA842D2586BCF5008BBAE3 /* SavedRuleSet+CoreDataProperties.swift */; };
		AFCA84372586BF41008BBAE3 /* SavedRulesView.swift in Sources */ = {isa = PBXBuildFile; fileRef = AFCA84362586BF41008BBAE3 /* SavedRulesView.swift */; };
		AFD02B8C246A331A00D14D61 /* SavedSet+CoreDataClass.swift in Sources */ = {isa = PBXBuildFile; fileRef = AFD02B8A246A331A00D14D61 /* SavedSet+CoreDataClass.swift */; };
		AFD02B8D246A331A00D14D61 /* SavedSet+CoreDataProperties.swift in Sources */ = {isa = PBXBuildFile; fileRef = AFD02B8B246A331A00D14D61 /* SavedSet+CoreDataProperties.swift */; };
		AFD02B95246C727A00D14D61 /* Logger.swift in Sources */ = {isa = PBXBuildFile; fileRef = AFD02B94246C727A00D14D61 /* Logger.swift */; };
		AFD02B97246CB87900D14D61 /* RecommendedSets.swift in Sources */ = {isa = PBXBuildFile; fileRef = AFD02B96246CB87900D14D61 /* RecommendedSets.swift */; };
		AFD02B99246CB9CB00D14D61 /* recommended-sets.json in Resources */ = {isa = PBXBuildFile; fileRef = AFD02B98246CB9CB00D14D61 /* recommended-sets.json */; };
		AFE8EE4522A4843C008E09B2 /* Assets.xcassets in Resources */ = {isa = PBXBuildFile; fileRef = AFE8EE4422A4843C008E09B2 /* Assets.xcassets */; };
		AFE8EE6C22A49517008E09B2 /* cards.json in Resources */ = {isa = PBXBuildFile; fileRef = AFE8EE6B22A49517008E09B2 /* cards.json */; };
		AFE8EE7222A4AFBE008E09B2 /* cards in Resources */ = {isa = PBXBuildFile; fileRef = AFE8EE7122A4AFBE008E09B2 /* cards */; };
		AFE8EE7522A4B830008E09B2 /* Card.swift in Sources */ = {isa = PBXBuildFile; fileRef = AFE8EE7422A4B830008E09B2 /* Card.swift */; };
		AFE908E925C4D21D00E8334E /* UtilitiesTest.swift in Sources */ = {isa = PBXBuildFile; fileRef = AF7BD6FF2381C5F2003A11E2 /* UtilitiesTest.swift */; };
		AFE908EA25C4D21D00E8334E /* TestData.swift in Sources */ = {isa = PBXBuildFile; fileRef = AF6AA0982381CD6B00AC3BEA /* TestData.swift */; };
		AFE908F125C4D22800E8334E /* RuleTests.swift in Sources */ = {isa = PBXBuildFile; fileRef = AF6AA0A02381D1DF00AC3BEA /* RuleTests.swift */; };
		AFE9090725C4D9F500E8334E /* ConditionTests.swift in Sources */ = {isa = PBXBuildFile; fileRef = AFE9090625C4D9F500E8334E /* ConditionTests.swift */; };
/* End PBXBuildFile section */

/* Begin PBXContainerItemProxy section */
		AFE908DD25C4D1D300E8334E /* PBXContainerItemProxy */ = {
			isa = PBXContainerItemProxy;
			containerPortal = AFE8EE3222A4843B008E09B2 /* Project object */;
			proxyType = 1;
			remoteGlobalIDString = AFE8EE3922A4843B008E09B2;
			remoteInfo = DominionCompanion;
		};
/* End PBXContainerItemProxy section */

/* Begin PBXFileReference section */
		AF1A5E0325254D6F0050DE4E /* DominionCompanion.swift */ = {isa = PBXFileReference; lastKnownFileType = sourcecode.swift; path = DominionCompanion.swift; sourceTree = "<group>"; };
		AF1A5E0F2525500B0050DE4E /* TabContainer.swift */ = {isa = PBXFileReference; lastKnownFileType = sourcecode.swift; path = TabContainer.swift; sourceTree = "<group>"; };
		AF1A5E14252550AE0050DE4E /* SettingsView.swift */ = {isa = PBXFileReference; lastKnownFileType = sourcecode.swift; path = SettingsView.swift; sourceTree = "<group>"; };
		AF1A5E19252550EE0050DE4E /* SetBuilderView.swift */ = {isa = PBXFileReference; lastKnownFileType = sourcecode.swift; path = SetBuilderView.swift; sourceTree = "<group>"; };
		AF1A5E1E252551FE0050DE4E /* CardsView.swift */ = {isa = PBXFileReference; lastKnownFileType = sourcecode.swift; path = CardsView.swift; sourceTree = "<group>"; };
		AF1A5E232525537A0050DE4E /* CardRow.swift */ = {isa = PBXFileReference; lastKnownFileType = sourcecode.swift; path = CardRow.swift; sourceTree = "<group>"; };
		AF1A5E28252559700050DE4E /* CostView.swift */ = {isa = PBXFileReference; lastKnownFileType = sourcecode.swift; path = CostView.swift; sourceTree = "<group>"; };
		AF1A5E2D25255B320050DE4E /* DebtView.swift */ = {isa = PBXFileReference; lastKnownFileType = sourcecode.swift; path = DebtView.swift; sourceTree = "<group>"; };
		AF1A5E3325255F140050DE4E /* CardView.swift */ = {isa = PBXFileReference; lastKnownFileType = sourcecode.swift; path = CardView.swift; sourceTree = "<group>"; };
		AF1A5E3B252581D60050DE4E /* SearchBar.swift */ = {isa = PBXFileReference; lastKnownFileType = sourcecode.swift; path = SearchBar.swift; sourceTree = "<group>"; };
		AF1A5E442525886D0050DE4E /* ListChoice.swift */ = {isa = PBXFileReference; lastKnownFileType = sourcecode.swift; path = ListChoice.swift; sourceTree = "<group>"; };
		AF1A5E4C25259A5D0050DE4E /* SetBuilderModel.swift */ = {isa = PBXFileReference; lastKnownFileType = sourcecode.swift; path = SetBuilderModel.swift; sourceTree = "<group>"; };
		AF1A5E592528FF460050DE4E /* ExpansionSelection.swift */ = {isa = PBXFileReference; lastKnownFileType = sourcecode.swift; path = ExpansionSelection.swift; sourceTree = "<group>"; };
		AF1A5E5F25290FBE0050DE4E /* RulesView.swift */ = {isa = PBXFileReference; lastKnownFileType = sourcecode.swift; path = RulesView.swift; sourceTree = "<group>"; };
		AF1A5E672529101C0050DE4E /* RuleRow.swift */ = {isa = PBXFileReference; lastKnownFileType = sourcecode.swift; path = RuleRow.swift; sourceTree = "<group>"; };
		AF1B6EAB2324226800ADA74D /* CardData.swift */ = {isa = PBXFileReference; lastKnownFileType = sourcecode.swift; path = CardData.swift; sourceTree = "<group>"; };
		AF1B6EAE232428ED00ADA74D /* Utilities.swift */ = {isa = PBXFileReference; lastKnownFileType = sourcecode.swift; path = Utilities.swift; sourceTree = "<group>"; };
		AF1B6EB22324334F00ADA74D /* Rule.swift */ = {isa = PBXFileReference; lastKnownFileType = sourcecode.swift; path = Rule.swift; sourceTree = "<group>"; };
		AF1B6EBE23244FE000ADA74D /* FilterOperation.swift */ = {isa = PBXFileReference; lastKnownFileType = sourcecode.swift; path = FilterOperation.swift; sourceTree = "<group>"; };
		AF1B6EC6232463FD00ADA74D /* CardProperty.swift */ = {isa = PBXFileReference; lastKnownFileType = sourcecode.swift; path = CardProperty.swift; sourceTree = "<group>"; };
		AF1B6EC82324945D00ADA74D /* Icons.xcassets */ = {isa = PBXFileReference; lastKnownFileType = folder.assetcatalog; path = Icons.xcassets; sourceTree = "<group>"; };
		AF4E49F7252916FE00410D10 /* RuleView.swift */ = {isa = PBXFileReference; lastKnownFileType = sourcecode.swift; path = RuleView.swift; sourceTree = "<group>"; };
		AF4E49FC25291D3100410D10 /* ConditionRow.swift */ = {isa = PBXFileReference; lastKnownFileType = sourcecode.swift; path = ConditionRow.swift; sourceTree = "<group>"; };
		AF5855F025C7517300D7A7AE /* PotionView.swift */ = {isa = PBXFileReference; lastKnownFileType = sourcecode.swift; path = PotionView.swift; sourceTree = "<group>"; };
		AF60BC5D253CDEA100DC50DE /* GlobalExclusions.swift */ = {isa = PBXFileReference; lastKnownFileType = sourcecode.swift; path = GlobalExclusions.swift; sourceTree = "<group>"; };
		AF60BC62253CE6BD00DC50DE /* GameplaySetup.swift */ = {isa = PBXFileReference; lastKnownFileType = sourcecode.swift; path = GameplaySetup.swift; sourceTree = "<group>"; };
		AF60BC67253CED4900DC50DE /* NavigationCardRow.swift */ = {isa = PBXFileReference; lastKnownFileType = sourcecode.swift; path = NavigationCardRow.swift; sourceTree = "<group>"; };
		AF60BC6C253D0CA200DC50DE /* SwipableRow.swift */ = {isa = PBXFileReference; lastKnownFileType = sourcecode.swift; path = SwipableRow.swift; sourceTree = "<group>"; };
		AF6AA0982381CD6B00AC3BEA /* TestData.swift */ = {isa = PBXFileReference; lastKnownFileType = sourcecode.swift; path = TestData.swift; sourceTree = "<group>"; };
		AF6AA0A02381D1DF00AC3BEA /* RuleTests.swift */ = {isa = PBXFileReference; lastKnownFileType = sourcecode.swift; path = RuleTests.swift; sourceTree = "<group>"; };
		AF6AA0A42381E30A00AC3BEA /* Condition.swift */ = {isa = PBXFileReference; lastKnownFileType = sourcecode.swift; path = Condition.swift; sourceTree = "<group>"; };
		AF7BD6FF2381C5F2003A11E2 /* UtilitiesTest.swift */ = {isa = PBXFileReference; lastKnownFileType = sourcecode.swift; path = UtilitiesTest.swift; sourceTree = "<group>"; };
		AF80D7092364DA9800FDC4D6 /* Constants.swift */ = {isa = PBXFileReference; lastKnownFileType = sourcecode.swift; path = Constants.swift; sourceTree = "<group>"; };
		AF80D70B2364DD7100FDC4D6 /* SetModel.swift */ = {isa = PBXFileReference; lastKnownFileType = sourcecode.swift; path = SetModel.swift; sourceTree = "<group>"; };
		AFA6638825858D5F00E641D8 /* SetsView.swift */ = {isa = PBXFileReference; lastKnownFileType = sourcecode.swift; path = SetsView.swift; sourceTree = "<group>"; };
		AFB96A992443E6DA00F2046D /* Settings.swift */ = {isa = PBXFileReference; lastKnownFileType = sourcecode.swift; path = Settings.swift; sourceTree = "<group>"; };
		AFBD15A725EAE51E0002275A /* RecommendedSetsTests.swift */ = {isa = PBXFileReference; lastKnownFileType = sourcecode.swift; path = RecommendedSetsTests.swift; sourceTree = "<group>"; };
		AFBD15AB25EAE5710002275A /* CardTests.swift */ = {isa = PBXFileReference; lastKnownFileType = sourcecode.swift; path = CardTests.swift; sourceTree = "<group>"; };
		AFBD15AF25EAEAFE0002275A /* CardDataTests.swift */ = {isa = PBXFileReference; lastKnownFileType = sourcecode.swift; path = CardDataTests.swift; sourceTree = "<group>"; };
		AFBD15B325EAEC880002275A /* CardPropertyTests.swift */ = {isa = PBXFileReference; lastKnownFileType = sourcecode.swift; path = CardPropertyTests.swift; sourceTree = "<group>"; };
		AFBD15B925EAF02C0002275A /* RuleTypeTests.swift */ = {isa = PBXFileReference; lastKnownFileType = sourcecode.swift; path = RuleTypeTests.swift; sourceTree = "<group>"; };
		AFBD15C225EB40580002275A /* ToastWrapper.swift */ = {isa = PBXFileReference; lastKnownFileType = sourcecode.swift; path = ToastWrapper.swift; sourceTree = "<group>"; };
		AFBD15CF25EC46B50002275A /* SetBuilderModelTests.swift */ = {isa = PBXFileReference; lastKnownFileType = sourcecode.swift; path = SetBuilderModelTests.swift; sourceTree = "<group>"; };
		AFC1BA65246A24E400298F75 /* SavedSets.xcdatamodel */ = {isa = PBXFileReference; lastKnownFileType = wrapper.xcdatamodel; path = SavedSets.xcdatamodel; sourceTree = "<group>"; };
		AFCA84152586A1C0008BBAE3 /* RecommendedSetsView.swift */ = {isa = PBXFileReference; lastKnownFileType = sourcecode.swift; path = RecommendedSetsView.swift; sourceTree = "<group>"; };
		AFCA841A2586A279008BBAE3 /* SavedSetsView.swift */ = {isa = PBXFileReference; lastKnownFileType = sourcecode.swift; path = SavedSetsView.swift; sourceTree = "<group>"; };
		AFCA841F2586A514008BBAE3 /* TextAlert.swift */ = {isa = PBXFileReference; lastKnownFileType = sourcecode.swift; path = TextAlert.swift; sourceTree = "<group>"; };
		AFCA842C2586BCF5008BBAE3 /* SavedRuleSet+CoreDataClass.swift */ = {isa = PBXFileReference; lastKnownFileType = sourcecode.swift; path = "SavedRuleSet+CoreDataClass.swift"; sourceTree = "<group>"; };
		AFCA842D2586BCF5008BBAE3 /* SavedRuleSet+CoreDataProperties.swift */ = {isa = PBXFileReference; lastKnownFileType = sourcecode.swift; path = "SavedRuleSet+CoreDataProperties.swift"; sourceTree = "<group>"; };
		AFCA84362586BF41008BBAE3 /* SavedRulesView.swift */ = {isa = PBXFileReference; lastKnownFileType = sourcecode.swift; path = SavedRulesView.swift; sourceTree = "<group>"; };
		AFD02B8A246A331A00D14D61 /* SavedSet+CoreDataClass.swift */ = {isa = PBXFileReference; lastKnownFileType = sourcecode.swift; path = "SavedSet+CoreDataClass.swift"; sourceTree = "<group>"; };
		AFD02B8B246A331A00D14D61 /* SavedSet+CoreDataProperties.swift */ = {isa = PBXFileReference; lastKnownFileType = sourcecode.swift; path = "SavedSet+CoreDataProperties.swift"; sourceTree = "<group>"; };
		AFD02B94246C727A00D14D61 /* Logger.swift */ = {isa = PBXFileReference; lastKnownFileType = sourcecode.swift; path = Logger.swift; sourceTree = "<group>"; };
		AFD02B96246CB87900D14D61 /* RecommendedSets.swift */ = {isa = PBXFileReference; lastKnownFileType = sourcecode.swift; path = RecommendedSets.swift; sourceTree = "<group>"; };
		AFD02B98246CB9CB00D14D61 /* recommended-sets.json */ = {isa = PBXFileReference; fileEncoding = 4; lastKnownFileType = text.json; path = "recommended-sets.json"; sourceTree = "<group>"; };
		AFE8EE3A22A4843B008E09B2 /* DominionCompanion.app */ = {isa = PBXFileReference; explicitFileType = wrapper.application; includeInIndex = 0; path = DominionCompanion.app; sourceTree = BUILT_PRODUCTS_DIR; };
		AFE8EE4422A4843C008E09B2 /* Assets.xcassets */ = {isa = PBXFileReference; lastKnownFileType = folder.assetcatalog; path = Assets.xcassets; sourceTree = "<group>"; };
		AFE8EE4922A4843C008E09B2 /* Info.plist */ = {isa = PBXFileReference; lastKnownFileType = text.plist.xml; path = Info.plist; sourceTree = "<group>"; };
		AFE8EE6B22A49517008E09B2 /* cards.json */ = {isa = PBXFileReference; fileEncoding = 4; lastKnownFileType = text.json; path = cards.json; sourceTree = "<group>"; };
		AFE8EE7122A4AFBE008E09B2 /* cards */ = {isa = PBXFileReference; lastKnownFileType = folder; path = cards; sourceTree = "<group>"; };
		AFE8EE7422A4B830008E09B2 /* Card.swift */ = {isa = PBXFileReference; lastKnownFileType = sourcecode.swift; path = Card.swift; sourceTree = "<group>"; };
		AFE908D825C4D1D300E8334E /* UnitTests.xctest */ = {isa = PBXFileReference; explicitFileType = wrapper.cfbundle; includeInIndex = 0; path = UnitTests.xctest; sourceTree = BUILT_PRODUCTS_DIR; };
		AFE908DC25C4D1D300E8334E /* Info.plist */ = {isa = PBXFileReference; lastKnownFileType = text.plist.xml; path = Info.plist; sourceTree = "<group>"; };
		AFE9090625C4D9F500E8334E /* ConditionTests.swift */ = {isa = PBXFileReference; lastKnownFileType = sourcecode.swift; path = ConditionTests.swift; sourceTree = "<group>"; };
/* End PBXFileReference section */

/* Begin PBXFrameworksBuildPhase section */
		AFE8EE3722A4843B008E09B2 /* Frameworks */ = {
			isa = PBXFrameworksBuildPhase;
			buildActionMask = 2147483647;
			files = (
			);
			runOnlyForDeploymentPostprocessing = 0;
		};
		AFE908D525C4D1D300E8334E /* Frameworks */ = {
			isa = PBXFrameworksBuildPhase;
			buildActionMask = 2147483647;
			files = (
			);
			runOnlyForDeploymentPostprocessing = 0;
		};
/* End PBXFrameworksBuildPhase section */

/* Begin PBXGroup section */
		AF1A5E3225255EFF0050DE4E /* Cards */ = {
			isa = PBXGroup;
			children = (
				AF1A5E1E252551FE0050DE4E /* CardsView.swift */,
				AF1A5E232525537A0050DE4E /* CardRow.swift */,
				AF1A5E28252559700050DE4E /* CostView.swift */,
				AF1A5E2D25255B320050DE4E /* DebtView.swift */,
				AF1A5E3325255F140050DE4E /* CardView.swift */,
				AF5855F025C7517300D7A7AE /* PotionView.swift */,
			);
			path = Cards;
			sourceTree = "<group>";
		};
		AF1A5E43252588600050DE4E /* Settings */ = {
			isa = PBXGroup;
			children = (
				AF1A5E14252550AE0050DE4E /* SettingsView.swift */,
				AF1A5E442525886D0050DE4E /* ListChoice.swift */,
				AF60BC5D253CDEA100DC50DE /* GlobalExclusions.swift */,
			);
			path = Settings;
			sourceTree = "<group>";
		};
		AF1A5E5E25290FAC0050DE4E /* SetBuilder */ = {
			isa = PBXGroup;
			children = (
				AF1A5E592528FF460050DE4E /* ExpansionSelection.swift */,
				AF1A5E19252550EE0050DE4E /* SetBuilderView.swift */,
				AF60BC62253CE6BD00DC50DE /* GameplaySetup.swift */,
				AF60BC67253CED4900DC50DE /* NavigationCardRow.swift */,
			);
			path = SetBuilder;
			sourceTree = "<group>";
		};
		AF1B6EA8232421B300ADA74D /* models */ = {
			isa = PBXGroup;
			children = (
				AFC1BA63246A24CB00298F75 /* CoreData */,
				AF2BB9752443E27D00438C3B /* cards */,
				AF6AA0A22381E2F600AC3BEA /* rules */,
			);
			path = models;
			sourceTree = "<group>";
		};
		AF1B6EAA232421F500ADA74D /* Assets */ = {
			isa = PBXGroup;
			children = (
				AFE8EE7122A4AFBE008E09B2 /* cards */,
				AFE8EE6B22A49517008E09B2 /* cards.json */,
				AFD02B98246CB9CB00D14D61 /* recommended-sets.json */,
				AF1B6EC82324945D00ADA74D /* Icons.xcassets */,
				AFE8EE4422A4843C008E09B2 /* Assets.xcassets */,
			);
			path = Assets;
			sourceTree = "<group>";
		};
		AF2BB9752443E27D00438C3B /* cards */ = {
			isa = PBXGroup;
			children = (
				AFE8EE7422A4B830008E09B2 /* Card.swift */,
				AF1B6EAB2324226800ADA74D /* CardData.swift */,
				AFD02B96246CB87900D14D61 /* RecommendedSets.swift */,
			);
			path = cards;
			sourceTree = "<group>";
		};
		AF6AA0922381C9DB00AC3BEA /* rules */ = {
			isa = PBXGroup;
			children = (
				AF6AA0A02381D1DF00AC3BEA /* RuleTests.swift */,
				AFE9090625C4D9F500E8334E /* ConditionTests.swift */,
				AFBD15B325EAEC880002275A /* CardPropertyTests.swift */,
				AFBD15B925EAF02C0002275A /* RuleTypeTests.swift */,
			);
			path = rules;
			sourceTree = "<group>";
		};
		AF6AA0932381C9E800AC3BEA /* models */ = {
			isa = PBXGroup;
			children = (
				AFBD15A225EAE4FD0002275A /* cards */,
				AF6AA0922381C9DB00AC3BEA /* rules */,
			);
			path = models;
			sourceTree = "<group>";
		};
		AF6AA0A22381E2F600AC3BEA /* rules */ = {
			isa = PBXGroup;
			children = (
				AF6AA0A42381E30A00AC3BEA /* Condition.swift */,
				AF1B6EB22324334F00ADA74D /* Rule.swift */,
				AF1B6EBE23244FE000ADA74D /* FilterOperation.swift */,
				AF1B6EC6232463FD00ADA74D /* CardProperty.swift */,
			);
			path = rules;
			sourceTree = "<group>";
		};
		AFA6638725858D4900E641D8 /* Sets */ = {
			isa = PBXGroup;
			children = (
				AFA6638825858D5F00E641D8 /* SetsView.swift */,
				AFCA84152586A1C0008BBAE3 /* RecommendedSetsView.swift */,
				AFCA841A2586A279008BBAE3 /* SavedSetsView.swift */,
			);
			path = Sets;
			sourceTree = "<group>";
		};
		AFA7785E25C4CA610065D231 /* utilities */ = {
			isa = PBXGroup;
			children = (
				AF1B6EAE232428ED00ADA74D /* Utilities.swift */,
				AF80D7092364DA9800FDC4D6 /* Constants.swift */,
				AFD02B94246C727A00D14D61 /* Logger.swift */,
				AF80D70B2364DD7100FDC4D6 /* SetModel.swift */,
				AFB96A992443E6DA00F2046D /* Settings.swift */,
			);
			path = utilities;
			sourceTree = "<group>";
		};
		AFA7785F25C4CA710065D231 /* views */ = {
			isa = PBXGroup;
			children = (
				AFE9090A25C4E40200E8334E /* Containers */,
				AFA7788225C4CC5A0065D231 /* utilities */,
				AFA7788325C4CC930065D231 /* Rules */,
				AFA6638725858D4900E641D8 /* Sets */,
				AF1A5E5E25290FAC0050DE4E /* SetBuilder */,
				AF1A5E43252588600050DE4E /* Settings */,
				AF1A5E3225255EFF0050DE4E /* Cards */,
			);
			path = views;
			sourceTree = "<group>";
		};
		AFA7787E25C4CBDF0065D231 /* viewModels */ = {
			isa = PBXGroup;
			children = (
				AF1A5E4C25259A5D0050DE4E /* SetBuilderModel.swift */,
			);
			path = viewModels;
			sourceTree = "<group>";
		};
		AFA7788225C4CC5A0065D231 /* utilities */ = {
			isa = PBXGroup;
			children = (
				AFCA841F2586A514008BBAE3 /* TextAlert.swift */,
				AF1A5E3B252581D60050DE4E /* SearchBar.swift */,
				AF60BC6C253D0CA200DC50DE /* SwipableRow.swift */,
				AFBD15C225EB40580002275A /* ToastWrapper.swift */,
			);
			path = utilities;
			sourceTree = "<group>";
		};
		AFA7788325C4CC930065D231 /* Rules */ = {
			isa = PBXGroup;
			children = (
				AF1A5E5F25290FBE0050DE4E /* RulesView.swift */,
				AF1A5E672529101C0050DE4E /* RuleRow.swift */,
				AF4E49F7252916FE00410D10 /* RuleView.swift */,
				AF4E49FC25291D3100410D10 /* ConditionRow.swift */,
				AFCA84362586BF41008BBAE3 /* SavedRulesView.swift */,
			);
			path = Rules;
			sourceTree = "<group>";
		};
		AFBD15A225EAE4FD0002275A /* cards */ = {
			isa = PBXGroup;
			children = (
				AFBD15A725EAE51E0002275A /* RecommendedSetsTests.swift */,
				AFBD15AB25EAE5710002275A /* CardTests.swift */,
				AFBD15AF25EAEAFE0002275A /* CardDataTests.swift */,
			);
			path = cards;
			sourceTree = "<group>";
		};
		AFBD15CC25EC469F0002275A /* viewModels */ = {
			isa = PBXGroup;
			children = (
				AFBD15CF25EC46B50002275A /* SetBuilderModelTests.swift */,
			);
			path = viewModels;
			sourceTree = "<group>";
		};
		AFC1BA63246A24CB00298F75 /* CoreData */ = {
			isa = PBXGroup;
			children = (
				AFCA842C2586BCF5008BBAE3 /* SavedRuleSet+CoreDataClass.swift */,
				AFCA842D2586BCF5008BBAE3 /* SavedRuleSet+CoreDataProperties.swift */,
				AFD02B8A246A331A00D14D61 /* SavedSet+CoreDataClass.swift */,
				AFD02B8B246A331A00D14D61 /* SavedSet+CoreDataProperties.swift */,
				AFC1BA64246A24E400298F75 /* SavedSets.xcdatamodeld */,
			);
			path = CoreData;
			sourceTree = "<group>";
		};
		AFE8EE3122A4843B008E09B2 = {
			isa = PBXGroup;
			children = (
				AFE8EE3C22A4843B008E09B2 /* DominionCompanion */,
				AFE908D925C4D1D300E8334E /* UnitTests */,
				AFE8EE3B22A4843B008E09B2 /* Products */,
			);
			sourceTree = "<group>";
		};
		AFE8EE3B22A4843B008E09B2 /* Products */ = {
			isa = PBXGroup;
			children = (
				AFE8EE3A22A4843B008E09B2 /* DominionCompanion.app */,
				AFE908D825C4D1D300E8334E /* UnitTests.xctest */,
			);
			name = Products;
			sourceTree = "<group>";
		};
		AFE8EE3C22A4843B008E09B2 /* DominionCompanion */ = {
			isa = PBXGroup;
			children = (
				AF1B6EAA232421F500ADA74D /* Assets */,
				AF1B6EA8232421B300ADA74D /* models */,
				AFA7787E25C4CBDF0065D231 /* viewModels */,
				AFA7785F25C4CA710065D231 /* views */,
				AFA7785E25C4CA610065D231 /* utilities */,
				AFE8EE4922A4843C008E09B2 /* Info.plist */,
			);
			path = DominionCompanion;
			sourceTree = "<group>";
		};
		AFE908D925C4D1D300E8334E /* UnitTests */ = {
			isa = PBXGroup;
			children = (
				AFBD15CC25EC469F0002275A /* viewModels */,
				AF6AA0932381C9E800AC3BEA /* models */,
				AF7BD6FF2381C5F2003A11E2 /* UtilitiesTest.swift */,
				AF6AA0982381CD6B00AC3BEA /* TestData.swift */,
				AFE908DC25C4D1D300E8334E /* Info.plist */,
			);
			path = UnitTests;
			sourceTree = "<group>";
		};
		AFE9090A25C4E40200E8334E /* Containers */ = {
			isa = PBXGroup;
			children = (
				AF1A5E0F2525500B0050DE4E /* TabContainer.swift */,
				AF1A5E0325254D6F0050DE4E /* DominionCompanion.swift */,
			);
			path = Containers;
			sourceTree = "<group>";
		};
/* End PBXGroup section */

/* Begin PBXNativeTarget section */
		AFE8EE3922A4843B008E09B2 /* DominionCompanion */ = {
			isa = PBXNativeTarget;
			buildConfigurationList = AFE8EE6222A4843C008E09B2 /* Build configuration list for PBXNativeTarget "DominionCompanion" */;
			buildPhases = (
				AFE8EE3622A4843B008E09B2 /* Sources */,
				AFE8EE3722A4843B008E09B2 /* Frameworks */,
				AFE8EE3822A4843B008E09B2 /* Resources */,
			);
			buildRules = (
			);
			dependencies = (
			);
			name = DominionCompanion;
			productName = DominionCompanion;
			productReference = AFE8EE3A22A4843B008E09B2 /* DominionCompanion.app */;
			productType = "com.apple.product-type.application";
		};
		AFE908D725C4D1D300E8334E /* UnitTests */ = {
			isa = PBXNativeTarget;
			buildConfigurationList = AFE908E125C4D1D300E8334E /* Build configuration list for PBXNativeTarget "UnitTests" */;
			buildPhases = (
				AFE908D425C4D1D300E8334E /* Sources */,
				AFE908D525C4D1D300E8334E /* Frameworks */,
				AFE908D625C4D1D300E8334E /* Resources */,
			);
			buildRules = (
			);
			dependencies = (
				AFE908DE25C4D1D300E8334E /* PBXTargetDependency */,
			);
			name = UnitTests;
			productName = UnitTests;
			productReference = AFE908D825C4D1D300E8334E /* UnitTests.xctest */;
			productType = "com.apple.product-type.bundle.unit-test";
		};
/* End PBXNativeTarget section */

/* Begin PBXProject section */
		AFE8EE3222A4843B008E09B2 /* Project object */ = {
			isa = PBXProject;
			attributes = {
				LastSwiftUpdateCheck = 1240;
				LastUpgradeCheck = 1240;
				ORGANIZATIONNAME = "Harris Borawski";
				TargetAttributes = {
					AFE8EE3922A4843B008E09B2 = {
						CreatedOnToolsVersion = 10.0;
						LastSwiftMigration = 1240;
					};
					AFE908D725C4D1D300E8334E = {
						CreatedOnToolsVersion = 12.4;
						TestTargetID = AFE8EE3922A4843B008E09B2;
					};
				};
			};
			buildConfigurationList = AFE8EE3522A4843B008E09B2 /* Build configuration list for PBXProject "DominionCompanion" */;
			compatibilityVersion = "Xcode 9.3";
			developmentRegion = en;
			hasScannedForEncodings = 0;
			knownRegions = (
				en,
				Base,
			);
			mainGroup = AFE8EE3122A4843B008E09B2;
			productRefGroup = AFE8EE3B22A4843B008E09B2 /* Products */;
			projectDirPath = "";
			projectRoot = "";
			targets = (
				AFE8EE3922A4843B008E09B2 /* DominionCompanion */,
				AFE908D725C4D1D300E8334E /* UnitTests */,
			);
		};
/* End PBXProject section */

/* Begin PBXResourcesBuildPhase section */
		AFE8EE3822A4843B008E09B2 /* Resources */ = {
			isa = PBXResourcesBuildPhase;
			buildActionMask = 2147483647;
			files = (
				AFE8EE4522A4843C008E09B2 /* Assets.xcassets in Resources */,
				AFE8EE7222A4AFBE008E09B2 /* cards in Resources */,
				AF1B6EC92324945D00ADA74D /* Icons.xcassets in Resources */,
				AFD02B99246CB9CB00D14D61 /* recommended-sets.json in Resources */,
				AFE8EE6C22A49517008E09B2 /* cards.json in Resources */,
			);
			runOnlyForDeploymentPostprocessing = 0;
		};
		AFE908D625C4D1D300E8334E /* Resources */ = {
			isa = PBXResourcesBuildPhase;
			buildActionMask = 2147483647;
			files = (
			);
			runOnlyForDeploymentPostprocessing = 0;
		};
/* End PBXResourcesBuildPhase section */

/* Begin PBXSourcesBuildPhase section */
		AFE8EE3622A4843B008E09B2 /* Sources */ = {
			isa = PBXSourcesBuildPhase;
			buildActionMask = 2147483647;
			files = (
				AF4E49F8252916FE00410D10 /* RuleView.swift in Sources */,
				AF1B6EBF23244FE000ADA74D /* FilterOperation.swift in Sources */,
				AFCA842E2586BCF5008BBAE3 /* SavedRuleSet+CoreDataClass.swift in Sources */,
				AF60BC68253CED4900DC50DE /* NavigationCardRow.swift in Sources */,
				AF5855F125C7517300D7A7AE /* PotionView.swift in Sources */,
				AF1A5E4D25259A5D0050DE4E /* SetBuilderModel.swift in Sources */,
				AF1A5E452525886D0050DE4E /* ListChoice.swift in Sources */,
				AFBD15C325EB40580002275A /* ToastWrapper.swift in Sources */,
				AFD02B8D246A331A00D14D61 /* SavedSet+CoreDataProperties.swift in Sources */,
				AF1B6EAF232428ED00ADA74D /* Utilities.swift in Sources */,
				AF1A5E5A2528FF460050DE4E /* ExpansionSelection.swift in Sources */,
				AF1A5E1A252550EE0050DE4E /* SetBuilderView.swift in Sources */,
				AFCA84162586A1C0008BBAE3 /* RecommendedSetsView.swift in Sources */,
				AFD02B8C246A331A00D14D61 /* SavedSet+CoreDataClass.swift in Sources */,
				AF1A5E6025290FBE0050DE4E /* RulesView.swift in Sources */,
				AF80D70A2364DA9800FDC4D6 /* Constants.swift in Sources */,
				AF1A5E3425255F140050DE4E /* CardView.swift in Sources */,
				AFD02B97246CB87900D14D61 /* RecommendedSets.swift in Sources */,
				AF1B6EAC2324226800ADA74D /* CardData.swift in Sources */,
				AF60BC6D253D0CA200DC50DE /* SwipableRow.swift in Sources */,
				AFCA842F2586BCF5008BBAE3 /* SavedRuleSet+CoreDataProperties.swift in Sources */,
				AFA6638925858D5F00E641D8 /* SetsView.swift in Sources */,
				AFD02B95246C727A00D14D61 /* Logger.swift in Sources */,
				AF6AA0A62381E6DB00AC3BEA /* Condition.swift in Sources */,
				AF1A5E242525537A0050DE4E /* CardRow.swift in Sources */,
				AFCA84202586A514008BBAE3 /* TextAlert.swift in Sources */,
				AF1A5E15252550AE0050DE4E /* SettingsView.swift in Sources */,
				AF1A5E2E25255B320050DE4E /* DebtView.swift in Sources */,
				AF1B6EC7232463FD00ADA74D /* CardProperty.swift in Sources */,
				AF1A5E102525500B0050DE4E /* TabContainer.swift in Sources */,
				AF60BC5E253CDEA100DC50DE /* GlobalExclusions.swift in Sources */,
				AFCA841B2586A279008BBAE3 /* SavedSetsView.swift in Sources */,
				AF1A5E29252559700050DE4E /* CostView.swift in Sources */,
				AF1A5E3C252581D60050DE4E /* SearchBar.swift in Sources */,
				AF60BC63253CE6BD00DC50DE /* GameplaySetup.swift in Sources */,
				AF1A5E0425254D6F0050DE4E /* DominionCompanion.swift in Sources */,
				AF1B6EB32324334F00ADA74D /* Rule.swift in Sources */,
				AFB96A9A2443E6DA00F2046D /* Settings.swift in Sources */,
				AFCA84372586BF41008BBAE3 /* SavedRulesView.swift in Sources */,
				AF1A5E1F252551FE0050DE4E /* CardsView.swift in Sources */,
				AF4E49FD25291D3100410D10 /* ConditionRow.swift in Sources */,
				AF1A5E682529101C0050DE4E /* RuleRow.swift in Sources */,
				AFC1BA66246A24E400298F75 /* SavedSets.xcdatamodeld in Sources */,
				AFE8EE7522A4B830008E09B2 /* Card.swift in Sources */,
				AF80D70C2364DD7100FDC4D6 /* SetModel.swift in Sources */,
			);
			runOnlyForDeploymentPostprocessing = 0;
		};
		AFE908D425C4D1D300E8334E /* Sources */ = {
			isa = PBXSourcesBuildPhase;
			buildActionMask = 2147483647;
			files = (
				AFBD15B025EAEAFE0002275A /* CardDataTests.swift in Sources */,
				AFE908F125C4D22800E8334E /* RuleTests.swift in Sources */,
				AFE908EA25C4D21D00E8334E /* TestData.swift in Sources */,
				AFBD15A825EAE51E0002275A /* RecommendedSetsTests.swift in Sources */,
				AFBD15D025EC46B50002275A /* SetBuilderModelTests.swift in Sources */,
				AFBD15B425EAEC880002275A /* CardPropertyTests.swift in Sources */,
				AFBD15BA25EAF02C0002275A /* RuleTypeTests.swift in Sources */,
				AFBD15AC25EAE5710002275A /* CardTests.swift in Sources */,
				AFE908E925C4D21D00E8334E /* UtilitiesTest.swift in Sources */,
				AFE9090725C4D9F500E8334E /* ConditionTests.swift in Sources */,
			);
			runOnlyForDeploymentPostprocessing = 0;
		};
/* End PBXSourcesBuildPhase section */

/* Begin PBXTargetDependency section */
		AFE908DE25C4D1D300E8334E /* PBXTargetDependency */ = {
			isa = PBXTargetDependency;
			target = AFE8EE3922A4843B008E09B2 /* DominionCompanion */;
			targetProxy = AFE908DD25C4D1D300E8334E /* PBXContainerItemProxy */;
		};
/* End PBXTargetDependency section */

/* Begin XCBuildConfiguration section */
		AFE8EE6022A4843C008E09B2 /* Debug */ = {
			isa = XCBuildConfiguration;
			buildSettings = {
				ALWAYS_SEARCH_USER_PATHS = NO;
				CLANG_ANALYZER_NONNULL = YES;
				CLANG_ANALYZER_NUMBER_OBJECT_CONVERSION = YES_AGGRESSIVE;
				CLANG_CXX_LANGUAGE_STANDARD = "gnu++14";
				CLANG_CXX_LIBRARY = "libc++";
				CLANG_ENABLE_MODULES = YES;
				CLANG_ENABLE_OBJC_ARC = YES;
				CLANG_ENABLE_OBJC_WEAK = YES;
				CLANG_WARN_BLOCK_CAPTURE_AUTORELEASING = YES;
				CLANG_WARN_BOOL_CONVERSION = YES;
				CLANG_WARN_COMMA = YES;
				CLANG_WARN_CONSTANT_CONVERSION = YES;
				CLANG_WARN_DEPRECATED_OBJC_IMPLEMENTATIONS = YES;
				CLANG_WARN_DIRECT_OBJC_ISA_USAGE = YES_ERROR;
				CLANG_WARN_DOCUMENTATION_COMMENTS = YES;
				CLANG_WARN_EMPTY_BODY = YES;
				CLANG_WARN_ENUM_CONVERSION = YES;
				CLANG_WARN_INFINITE_RECURSION = YES;
				CLANG_WARN_INT_CONVERSION = YES;
				CLANG_WARN_NON_LITERAL_NULL_CONVERSION = YES;
				CLANG_WARN_OBJC_IMPLICIT_RETAIN_SELF = YES;
				CLANG_WARN_OBJC_LITERAL_CONVERSION = YES;
				CLANG_WARN_OBJC_ROOT_CLASS = YES_ERROR;
				CLANG_WARN_QUOTED_INCLUDE_IN_FRAMEWORK_HEADER = YES;
				CLANG_WARN_RANGE_LOOP_ANALYSIS = YES;
				CLANG_WARN_STRICT_PROTOTYPES = YES;
				CLANG_WARN_SUSPICIOUS_MOVE = YES;
				CLANG_WARN_UNGUARDED_AVAILABILITY = YES_AGGRESSIVE;
				CLANG_WARN_UNREACHABLE_CODE = YES;
				CLANG_WARN__DUPLICATE_METHOD_MATCH = YES;
				CODE_SIGN_IDENTITY = "iPhone Developer";
				COPY_PHASE_STRIP = NO;
				DEBUG_INFORMATION_FORMAT = dwarf;
				ENABLE_STRICT_OBJC_MSGSEND = YES;
				ENABLE_TESTABILITY = YES;
				GCC_C_LANGUAGE_STANDARD = gnu11;
				GCC_DYNAMIC_NO_PIC = NO;
				GCC_NO_COMMON_BLOCKS = YES;
				GCC_OPTIMIZATION_LEVEL = 0;
				GCC_PREPROCESSOR_DEFINITIONS = (
					"DEBUG=1",
					"$(inherited)",
				);
				GCC_WARN_64_TO_32_BIT_CONVERSION = YES;
				GCC_WARN_ABOUT_RETURN_TYPE = YES_ERROR;
				GCC_WARN_UNDECLARED_SELECTOR = YES;
				GCC_WARN_UNINITIALIZED_AUTOS = YES_AGGRESSIVE;
				GCC_WARN_UNUSED_FUNCTION = YES;
				GCC_WARN_UNUSED_VARIABLE = YES;
				IPHONEOS_DEPLOYMENT_TARGET = 14.1;
				MTL_ENABLE_DEBUG_INFO = INCLUDE_SOURCE;
				MTL_FAST_MATH = YES;
				ONLY_ACTIVE_ARCH = YES;
				SDKROOT = iphoneos;
				SWIFT_ACTIVE_COMPILATION_CONDITIONS = DEBUG;
				SWIFT_OPTIMIZATION_LEVEL = "-Onone";
			};
			name = Debug;
		};
		AFE8EE6122A4843C008E09B2 /* Release */ = {
			isa = XCBuildConfiguration;
			buildSettings = {
				ALWAYS_SEARCH_USER_PATHS = NO;
				CLANG_ANALYZER_NONNULL = YES;
				CLANG_ANALYZER_NUMBER_OBJECT_CONVERSION = YES_AGGRESSIVE;
				CLANG_CXX_LANGUAGE_STANDARD = "gnu++14";
				CLANG_CXX_LIBRARY = "libc++";
				CLANG_ENABLE_MODULES = YES;
				CLANG_ENABLE_OBJC_ARC = YES;
				CLANG_ENABLE_OBJC_WEAK = YES;
				CLANG_WARN_BLOCK_CAPTURE_AUTORELEASING = YES;
				CLANG_WARN_BOOL_CONVERSION = YES;
				CLANG_WARN_COMMA = YES;
				CLANG_WARN_CONSTANT_CONVERSION = YES;
				CLANG_WARN_DEPRECATED_OBJC_IMPLEMENTATIONS = YES;
				CLANG_WARN_DIRECT_OBJC_ISA_USAGE = YES_ERROR;
				CLANG_WARN_DOCUMENTATION_COMMENTS = YES;
				CLANG_WARN_EMPTY_BODY = YES;
				CLANG_WARN_ENUM_CONVERSION = YES;
				CLANG_WARN_INFINITE_RECURSION = YES;
				CLANG_WARN_INT_CONVERSION = YES;
				CLANG_WARN_NON_LITERAL_NULL_CONVERSION = YES;
				CLANG_WARN_OBJC_IMPLICIT_RETAIN_SELF = YES;
				CLANG_WARN_OBJC_LITERAL_CONVERSION = YES;
				CLANG_WARN_OBJC_ROOT_CLASS = YES_ERROR;
				CLANG_WARN_QUOTED_INCLUDE_IN_FRAMEWORK_HEADER = YES;
				CLANG_WARN_RANGE_LOOP_ANALYSIS = YES;
				CLANG_WARN_STRICT_PROTOTYPES = YES;
				CLANG_WARN_SUSPICIOUS_MOVE = YES;
				CLANG_WARN_UNGUARDED_AVAILABILITY = YES_AGGRESSIVE;
				CLANG_WARN_UNREACHABLE_CODE = YES;
				CLANG_WARN__DUPLICATE_METHOD_MATCH = YES;
				CODE_SIGN_IDENTITY = "iPhone Developer";
				COPY_PHASE_STRIP = NO;
				DEBUG_INFORMATION_FORMAT = "dwarf-with-dsym";
				ENABLE_NS_ASSERTIONS = NO;
				ENABLE_STRICT_OBJC_MSGSEND = YES;
				GCC_C_LANGUAGE_STANDARD = gnu11;
				GCC_NO_COMMON_BLOCKS = YES;
				GCC_WARN_64_TO_32_BIT_CONVERSION = YES;
				GCC_WARN_ABOUT_RETURN_TYPE = YES_ERROR;
				GCC_WARN_UNDECLARED_SELECTOR = YES;
				GCC_WARN_UNINITIALIZED_AUTOS = YES_AGGRESSIVE;
				GCC_WARN_UNUSED_FUNCTION = YES;
				GCC_WARN_UNUSED_VARIABLE = YES;
				IPHONEOS_DEPLOYMENT_TARGET = 14.1;
				MTL_ENABLE_DEBUG_INFO = NO;
				MTL_FAST_MATH = YES;
				SDKROOT = iphoneos;
				SWIFT_COMPILATION_MODE = wholemodule;
				SWIFT_OPTIMIZATION_LEVEL = "-O";
				VALIDATE_PRODUCT = YES;
			};
			name = Release;
		};
		AFE8EE6322A4843C008E09B2 /* Debug */ = {
			isa = XCBuildConfiguration;
			buildSettings = {
				ASSETCATALOG_COMPILER_APPICON_NAME = AppIcon;
				CODE_SIGN_IDENTITY = "iPhone Developer";
				CODE_SIGN_STYLE = Manual;
				CURRENT_PROJECT_VERSION = 14;
				DEVELOPMENT_TEAM = 66V79CSGDL;
				INFOPLIST_FILE = DominionCompanion/Info.plist;
				IPHONEOS_DEPLOYMENT_TARGET = 14.0;
				LD_RUNPATH_SEARCH_PATHS = (
					"$(inherited)",
					"@executable_path/Frameworks",
				);
				MARKETING_VERSION = 0.0.1;
				PRODUCT_BUNDLE_IDENTIFIER = com.harrisborawski.DominionCompanion;
				PRODUCT_NAME = "$(TARGET_NAME)";
				PROVISIONING_PROFILE_SPECIFIER = "match Development com.harrisborawski.DominionCompanion";
				SWIFT_VERSION = 5.0;
				TARGETED_DEVICE_FAMILY = "1,2";
			};
			name = Debug;
		};
		AFE8EE6422A4843C008E09B2 /* Release */ = {
			isa = XCBuildConfiguration;
			buildSettings = {
				ASSETCATALOG_COMPILER_APPICON_NAME = AppIcon;
				CODE_SIGN_IDENTITY = "iPhone Distribution";
				CODE_SIGN_STYLE = Manual;
				CURRENT_PROJECT_VERSION = 14;
				DEVELOPMENT_TEAM = 66V79CSGDL;
				INFOPLIST_FILE = DominionCompanion/Info.plist;
				IPHONEOS_DEPLOYMENT_TARGET = 14.0;
				LD_RUNPATH_SEARCH_PATHS = (
					"$(inherited)",
					"@executable_path/Frameworks",
				);
				MARKETING_VERSION = 0.0.1;
				PRODUCT_BUNDLE_IDENTIFIER = com.harrisborawski.DominionCompanion;
				PRODUCT_NAME = "$(TARGET_NAME)";
				PROVISIONING_PROFILE_SPECIFIER = "match AppStore com.harrisborawski.DominionCompanion";
				SWIFT_VERSION = 5.0;
				TARGETED_DEVICE_FAMILY = "1,2";
			};
			name = Release;
		};
		AFE908DF25C4D1D300E8334E /* Debug */ = {
			isa = XCBuildConfiguration;
			buildSettings = {
				BUNDLE_LOADER = "$(TEST_HOST)";
				CLANG_WARN_QUOTED_INCLUDE_IN_FRAMEWORK_HEADER = YES;
				CODE_SIGN_STYLE = Automatic;
				DEVELOPMENT_TEAM = 66V79CSGDL;
				INFOPLIST_FILE = UnitTests/Info.plist;
				IPHONEOS_DEPLOYMENT_TARGET = 14.4;
				LD_RUNPATH_SEARCH_PATHS = (
					"$(inherited)",
					"@executable_path/Frameworks",
					"@loader_path/Frameworks",
				);
				PRODUCT_BUNDLE_IDENTIFIER = com.harrisborawski.dominionCompanion.UnitTests;
				PRODUCT_NAME = "$(TARGET_NAME)";
				SWIFT_VERSION = 5.0;
				TARGETED_DEVICE_FAMILY = "1,2";
				TEST_HOST = "$(BUILT_PRODUCTS_DIR)/DominionCompanion.app/DominionCompanion";
			};
			name = Debug;
		};
		AFE908E025C4D1D300E8334E /* Release */ = {
			isa = XCBuildConfiguration;
			buildSettings = {
				BUNDLE_LOADER = "$(TEST_HOST)";
				CLANG_WARN_QUOTED_INCLUDE_IN_FRAMEWORK_HEADER = YES;
				CODE_SIGN_STYLE = Automatic;
				DEVELOPMENT_TEAM = 66V79CSGDL;
				INFOPLIST_FILE = UnitTests/Info.plist;
				IPHONEOS_DEPLOYMENT_TARGET = 14.4;
				LD_RUNPATH_SEARCH_PATHS = (
					"$(inherited)",
					"@executable_path/Frameworks",
					"@loader_path/Frameworks",
				);
				PRODUCT_BUNDLE_IDENTIFIER = com.harrisborawski.dominionCompanion.UnitTests;
				PRODUCT_NAME = "$(TARGET_NAME)";
				SWIFT_VERSION = 5.0;
				TARGETED_DEVICE_FAMILY = "1,2";
				TEST_HOST = "$(BUILT_PRODUCTS_DIR)/DominionCompanion.app/DominionCompanion";
			};
			name = Release;
		};
/* End XCBuildConfiguration section */

/* Begin XCConfigurationList section */
		AFE8EE3522A4843B008E09B2 /* Build configuration list for PBXProject "DominionCompanion" */ = {
			isa = XCConfigurationList;
			buildConfigurations = (
				AFE8EE6022A4843C008E09B2 /* Debug */,
				AFE8EE6122A4843C008E09B2 /* Release */,
			);
			defaultConfigurationIsVisible = 0;
			defaultConfigurationName = Release;
		};
		AFE8EE6222A4843C008E09B2 /* Build configuration list for PBXNativeTarget "DominionCompanion" */ = {
			isa = XCConfigurationList;
			buildConfigurations = (
				AFE8EE6322A4843C008E09B2 /* Debug */,
				AFE8EE6422A4843C008E09B2 /* Release */,
			);
			defaultConfigurationIsVisible = 0;
			defaultConfigurationName = Release;
		};
		AFE908E125C4D1D300E8334E /* Build configuration list for PBXNativeTarget "UnitTests" */ = {
			isa = XCConfigurationList;
			buildConfigurations = (
				AFE908DF25C4D1D300E8334E /* Debug */,
				AFE908E025C4D1D300E8334E /* Release */,
			);
			defaultConfigurationIsVisible = 0;
			defaultConfigurationName = Release;
		};
/* End XCConfigurationList section */

/* Begin XCVersionGroup section */
		AFC1BA64246A24E400298F75 /* SavedSets.xcdatamodeld */ = {
			isa = XCVersionGroup;
			children = (
				AFC1BA65246A24E400298F75 /* SavedSets.xcdatamodel */,
			);
			currentVersion = AFC1BA65246A24E400298F75 /* SavedSets.xcdatamodel */;
			path = SavedSets.xcdatamodeld;
			sourceTree = "<group>";
			versionGroupType = wrapper.xcdatamodel;
		};
/* End XCVersionGroup section */
	};
	rootObject = AFE8EE3222A4843B008E09B2 /* Project object */;
}
